
Microsoft Visual Studio Solution File, Format Version 12.00
# Visual Studio Version 16
VisualStudioVersion = 16.0.29123.88
MinimumVisualStudioVersion = 10.0.40219.1
Project("{FAE04EC0-301F-11D3-BF4B-00C04F79EFBC}") = "Cwiczenia1", "Cwiczenia1\Cwiczenia1.csproj", "{114856EE-E666-4110-93B7-CEF432C73826}"
EndProject
Global
	GlobalSection(SolutionConfigurationPlatforms) = preSolution
		Debug|Any CPU = Debug|Any CPU
		Release|Any CPU = Release|Any CPU
	EndGlobalSection
	GlobalSection(ProjectConfigurationPlatforms) = postSolution
		{114856EE-E666-4110-93B7-CEF432C73826}.Debug|Any CPU.ActiveCfg = Debug|Any CPU
		{114856EE-E666-4110-93B7-CEF432C73826}.Debug|Any CPU.Build.0 = Debug|Any CPU
		{114856EE-E666-4110-93B7-CEF432C73826}.Release|Any CPU.ActiveCfg = Release|Any CPU
		{114856EE-E666-4110-93B7-CEF432C73826}.Release|Any CPU.Build.0 = Release|Any CPU
	EndGlobalSection
	GlobalSection(SolutionProperties) = preSolution
		HideSolutionNode = FALSE
	EndGlobalSection
	GlobalSection(ExtensibilityGlobals) = postSolution
		SolutionGuid = {C6558DAB-9490-48B1-A8B0-C569877CE8E3}
	EndGlobalSection
EndGlobal
